{
  "name": "example",
  "version": "1.0.0",
  "lockfileVersion": 1,
  "requires": true,
  "dependencies": {
    "usneighboringstates": {
      "version": "1.0.10",
      "resolved": "https://registry.npmjs.org/usneighboringstates/-/usneighboringstates-1.0.10.tgz",
      "integrity": "sha512-GbalmqRpBAR6INVo/Ol8d34GGbtiN5U6s4z9UOBXpleIEx1vanGyrJ3rNrYKjsGLJ72XFtC+AG72Yi2FMAVHeg=="
    }
  }
}
